
Microsoft Visual Studio Solution File, Format Version 12.00
# Visual Studio 14
VisualStudioVersion = 14.0.25420.1
MinimumVisualStudioVersion = 10.0.40219.1
Project("{FAE04EC0-301F-11D3-BF4B-00C04F79EFBC}") = "IntelligentPrestam", "IntelligentPrestam\IntelligentPrestam.csproj", "{7163F533-B837-44B7-B252-9989F1A91807}"
EndProject
Project("{FAE04EC0-301F-11D3-BF4B-00C04F79EFBC}") = "BLL", "BLL\BLL.csproj", "{C88F5C51-E57D-4D77-A57B-4C78E3A304D2}"
EndProject
Project("{FAE04EC0-301F-11D3-BF4B-00C04F79EFBC}") = "DAL", "DAL\DAL.csproj", "{03B5C4D7-295F-4D1A-92B8-AC1400C7B5DA}"
EndProject
Global
	GlobalSection(SolutionConfigurationPlatforms) = preSolution
		Debug|Any CPU = Debug|Any CPU
		Release|Any CPU = Release|Any CPU
	EndGlobalSection
	GlobalSection(ProjectConfigurationPlatforms) = postSolution
		{7163F533-B837-44B7-B252-9989F1A91807}.Debug|Any CPU.ActiveCfg = Debug|Any CPU
		{7163F533-B837-44B7-B252-9989F1A91807}.Debug|Any CPU.Build.0 = Debug|Any CPU
		{7163F533-B837-44B7-B252-9989F1A91807}.Release|Any CPU.ActiveCfg = Release|Any CPU
		{7163F533-B837-44B7-B252-9989F1A91807}.Release|Any CPU.Build.0 = Release|Any CPU
		{C88F5C51-E57D-4D77-A57B-4C78E3A304D2}.Debug|Any CPU.ActiveCfg = Debug|Any CPU
		{C88F5C51-E57D-4D77-A57B-4C78E3A304D2}.Debug|Any CPU.Build.0 = Debug|Any CPU
		{C88F5C51-E57D-4D77-A57B-4C78E3A304D2}.Release|Any CPU.ActiveCfg = Release|Any CPU
		{C88F5C51-E57D-4D77-A57B-4C78E3A304D2}.Release|Any CPU.Build.0 = Release|Any CPU
		{03B5C4D7-295F-4D1A-92B8-AC1400C7B5DA}.Debug|Any CPU.ActiveCfg = Debug|Any CPU
		{03B5C4D7-295F-4D1A-92B8-AC1400C7B5DA}.Debug|Any CPU.Build.0 = Debug|Any CPU
		{03B5C4D7-295F-4D1A-92B8-AC1400C7B5DA}.Release|Any CPU.ActiveCfg = Release|Any CPU
		{03B5C4D7-295F-4D1A-92B8-AC1400C7B5DA}.Release|Any CPU.Build.0 = Release|Any CPU
	EndGlobalSection
	GlobalSection(SolutionProperties) = preSolution
		HideSolutionNode = FALSE
	EndGlobalSection
EndGlobal
